
Microsoft Visual Studio Solution File, Format Version 12.00
# Visual Studio Version 17
VisualStudioVersion = 17.2.32516.85
MinimumVisualStudioVersion = 10.0.40219.1
Project("{9A19103F-16F7-4668-BE54-9A1E7A4F7556}") = "FootballAnalytics.Application", "FootballAnalytics.Application\FootballAnalytics.Application.csproj", "{D5B55A53-BF21-4202-974A-A55922E24133}"
EndProject
Project("{9A19103F-16F7-4668-BE54-9A1E7A4F7556}") = "FootballAnalytics.Domain", "FootballAnalytics.Domain\FootballAnalytics.Domain.csproj", "{6C0B01D5-A48E-497D-A6BE-518DE1974C15}"
EndProject
Project("{9A19103F-16F7-4668-BE54-9A1E7A4F7556}") = "FootballAnalytics.Infrastructure", "FootballAnalytics.Infrastructure\FootballAnalytics.Infrastructure.csproj", "{98AAE564-BF9F-4C19-A703-EB2143E7FB4C}"
EndProject
Project("{FAE04EC0-301F-11D3-BF4B-00C04F79EFBC}") = "FootballAnalytics.Web", "FootballAnalytics.Web\FootballAnalytics.Web.csproj", "{BEB32F61-46E7-4A06-8743-C90965B3888B}"
EndProject
Project("{FAE04EC0-301F-11D3-BF4B-00C04F79EFBC}") = "FootballAnalytics.WebCrawler", "FootballAnalytics.WebCrawler\FootballAnalytics.WebCrawler.csproj", "{D85CDDB6-D474-475D-B637-F29206A6A083}"
EndProject
Project("{FAE04EC0-301F-11D3-BF4B-00C04F79EFBC}") = "FootballAnalytics.Tests", "FootballAnalytics.Tests\FootballAnalytics.Tests.csproj", "{6ABCA5D4-3F16-426E-ACFB-E62565E5E882}"
EndProject
Global
	GlobalSection(SolutionConfigurationPlatforms) = preSolution
		Debug|Any CPU = Debug|Any CPU
		Release|Any CPU = Release|Any CPU
	EndGlobalSection
	GlobalSection(ProjectConfigurationPlatforms) = postSolution
		{D5B55A53-BF21-4202-974A-A55922E24133}.Debug|Any CPU.ActiveCfg = Debug|Any CPU
		{D5B55A53-BF21-4202-974A-A55922E24133}.Debug|Any CPU.Build.0 = Debug|Any CPU
		{D5B55A53-BF21-4202-974A-A55922E24133}.Release|Any CPU.ActiveCfg = Release|Any CPU
		{D5B55A53-BF21-4202-974A-A55922E24133}.Release|Any CPU.Build.0 = Release|Any CPU
		{6C0B01D5-A48E-497D-A6BE-518DE1974C15}.Debug|Any CPU.ActiveCfg = Debug|Any CPU
		{6C0B01D5-A48E-497D-A6BE-518DE1974C15}.Debug|Any CPU.Build.0 = Debug|Any CPU
		{6C0B01D5-A48E-497D-A6BE-518DE1974C15}.Release|Any CPU.ActiveCfg = Release|Any CPU
		{6C0B01D5-A48E-497D-A6BE-518DE1974C15}.Release|Any CPU.Build.0 = Release|Any CPU
		{98AAE564-BF9F-4C19-A703-EB2143E7FB4C}.Debug|Any CPU.ActiveCfg = Debug|Any CPU
		{98AAE564-BF9F-4C19-A703-EB2143E7FB4C}.Debug|Any CPU.Build.0 = Debug|Any CPU
		{98AAE564-BF9F-4C19-A703-EB2143E7FB4C}.Release|Any CPU.ActiveCfg = Release|Any CPU
		{98AAE564-BF9F-4C19-A703-EB2143E7FB4C}.Release|Any CPU.Build.0 = Release|Any CPU
		{BEB32F61-46E7-4A06-8743-C90965B3888B}.Debug|Any CPU.ActiveCfg = Debug|Any CPU
		{BEB32F61-46E7-4A06-8743-C90965B3888B}.Debug|Any CPU.Build.0 = Debug|Any CPU
		{BEB32F61-46E7-4A06-8743-C90965B3888B}.Release|Any CPU.ActiveCfg = Release|Any CPU
		{BEB32F61-46E7-4A06-8743-C90965B3888B}.Release|Any CPU.Build.0 = Release|Any CPU
		{D85CDDB6-D474-475D-B637-F29206A6A083}.Debug|Any CPU.ActiveCfg = Debug|Any CPU
		{D85CDDB6-D474-475D-B637-F29206A6A083}.Debug|Any CPU.Build.0 = Debug|Any CPU
		{D85CDDB6-D474-475D-B637-F29206A6A083}.Release|Any CPU.ActiveCfg = Release|Any CPU
		{D85CDDB6-D474-475D-B637-F29206A6A083}.Release|Any CPU.Build.0 = Release|Any CPU
		{6ABCA5D4-3F16-426E-ACFB-E62565E5E882}.Debug|Any CPU.ActiveCfg = Debug|Any CPU
		{6ABCA5D4-3F16-426E-ACFB-E62565E5E882}.Debug|Any CPU.Build.0 = Debug|Any CPU
		{6ABCA5D4-3F16-426E-ACFB-E62565E5E882}.Release|Any CPU.ActiveCfg = Release|Any CPU
		{6ABCA5D4-3F16-426E-ACFB-E62565E5E882}.Release|Any CPU.Build.0 = Release|Any CPU
	EndGlobalSection
	GlobalSection(SolutionProperties) = preSolution
		HideSolutionNode = FALSE
	EndGlobalSection
	GlobalSection(ExtensibilityGlobals) = postSolution
		SolutionGuid = {7104C761-2777-4C47-87F0-8B37D84F576A}
	EndGlobalSection
EndGlobal
